// !$*UTF8*$!
{
	archiveVersion = 1;
	classes = {
	};
	objectVersion = 56;
	objects = {

/* Begin PBXBuildFile section */
		8B43CDE12ACCF05B00E5250C /* AppDelegate.swift in Sources */ = {isa = PBXBuildFile; fileRef = 8B43CDE02ACCF05B00E5250C /* AppDelegate.swift */; };
		8B43CDE32ACCF05B00E5250C /* SceneDelegate.swift in Sources */ = {isa = PBXBuildFile; fileRef = 8B43CDE22ACCF05B00E5250C /* SceneDelegate.swift */; };
		8B43CDE52ACCF05B00E5250C /* ViewController.swift in Sources */ = {isa = PBXBuildFile; fileRef = 8B43CDE42ACCF05B00E5250C /* ViewController.swift */; };
		8B43CDE82ACCF05B00E5250C /* Main.storyboard in Resources */ = {isa = PBXBuildFile; fileRef = 8B43CDE62ACCF05B00E5250C /* Main.storyboard */; };
		8B43CDEA2ACCF05C00E5250C /* Assets.xcassets in Resources */ = {isa = PBXBuildFile; fileRef = 8B43CDE92ACCF05C00E5250C /* Assets.xcassets */; };
		8B43CDED2ACCF05C00E5250C /* LaunchScreen.storyboard in Resources */ = {isa = PBXBuildFile; fileRef = 8B43CDEB2ACCF05C00E5250C /* LaunchScreen.storyboard */; };
		8B43CDFD2ACE3BD200E5250C /* .gitignore in Resources */ = {isa = PBXBuildFile; fileRef = 8B43CDFC2ACE3BD200E5250C /* .gitignore */; };
		8B43CDFF2ACE3C0E00E5250C /* GoogleService-Info.plist in Resources */ = {isa = PBXBuildFile; fileRef = 8B43CDFE2ACE3C0E00E5250C /* GoogleService-Info.plist */; };
		8B51FF792AFDCE9A009F1E50 /* FirebaseAnalyticsWithoutAdIdSupport in Frameworks */ = {isa = PBXBuildFile; productRef = 8B51FF782AFDCE9A009F1E50 /* FirebaseAnalyticsWithoutAdIdSupport */; };
		8B51FF7B2AFDCE9A009F1E50 /* FirebaseCrashlytics in Frameworks */ = {isa = PBXBuildFile; productRef = 8B51FF7A2AFDCE9A009F1E50 /* FirebaseCrashlytics */; };
		8B51FF7D2AFDCE9A009F1E50 /* FirebaseMessaging in Frameworks */ = {isa = PBXBuildFile; productRef = 8B51FF7C2AFDCE9A009F1E50 /* FirebaseMessaging */; };
/* End PBXBuildFile section */

/* Begin PBXFileReference section */
		8B43CDDD2ACCF05B00E5250C /* SeSACFirebase.app */ = {isa = PBXFileReference; explicitFileType = wrapper.application; includeInIndex = 0; path = SeSACFirebase.app; sourceTree = BUILT_PRODUCTS_DIR; };
		8B43CDE02ACCF05B00E5250C /* AppDelegate.swift */ = {isa = PBXFileReference; lastKnownFileType = sourcecode.swift; path = AppDelegate.swift; sourceTree = "<group>"; };
		8B43CDE22ACCF05B00E5250C /* SceneDelegate.swift */ = {isa = PBXFileReference; lastKnownFileType = sourcecode.swift; path = SceneDelegate.swift; sourceTree = "<group>"; };
		8B43CDE42ACCF05B00E5250C /* ViewController.swift */ = {isa = PBXFileReference; lastKnownFileType = sourcecode.swift; path = ViewController.swift; sourceTree = "<group>"; };
		8B43CDE72ACCF05B00E5250C /* Base */ = {isa = PBXFileReference; lastKnownFileType = file.storyboard; name = Base; path = Base.lproj/Main.storyboard; sourceTree = "<group>"; };
		8B43CDE92ACCF05C00E5250C /* Assets.xcassets */ = {isa = PBXFileReference; lastKnownFileType = folder.assetcatalog; path = Assets.xcassets; sourceTree = "<group>"; };
		8B43CDEC2ACCF05C00E5250C /* Base */ = {isa = PBXFileReference; lastKnownFileType = file.storyboard; name = Base; path = Base.lproj/LaunchScreen.storyboard; sourceTree = "<group>"; };
		8B43CDEE2ACCF05C00E5250C /* Info.plist */ = {isa = PBXFileReference; lastKnownFileType = text.plist.xml; path = Info.plist; sourceTree = "<group>"; };
		8B43CDFC2ACE3BD200E5250C /* .gitignore */ = {isa = PBXFileReference; lastKnownFileType = text; path = .gitignore; sourceTree = "<group>"; };
		8B43CDFE2ACE3C0E00E5250C /* GoogleService-Info.plist */ = {isa = PBXFileReference; fileEncoding = 4; lastKnownFileType = text.plist.xml; path = "GoogleService-Info.plist"; sourceTree = "<group>"; };
		8B51FF6F2AFDC909009F1E50 /* SeSACFirebase.entitlements */ = {isa = PBXFileReference; lastKnownFileType = text.plist.entitlements; path = SeSACFirebase.entitlements; sourceTree = "<group>"; };
/* End PBXFileReference section */

/* Begin PBXFrameworksBuildPhase section */
		8B43CDDA2ACCF05B00E5250C /* Frameworks */ = {
			isa = PBXFrameworksBuildPhase;
			buildActionMask = 2147483647;
			files = (
				8B51FF7D2AFDCE9A009F1E50 /* FirebaseMessaging in Frameworks */,
				8B51FF792AFDCE9A009F1E50 /* FirebaseAnalyticsWithoutAdIdSupport in Frameworks */,
				8B51FF7B2AFDCE9A009F1E50 /* FirebaseCrashlytics in Frameworks */,
			);
			runOnlyForDeploymentPostprocessing = 0;
		};
/* End PBXFrameworksBuildPhase section */

/* Begin PBXGroup section */
		8B43CDD42ACCF05B00E5250C = {
			isa = PBXGroup;
			children = (
				8B43CDDF2ACCF05B00E5250C /* SeSACFirebase */,
				8B43CDDE2ACCF05B00E5250C /* Products */,
			);
			sourceTree = "<group>";
		};
		8B43CDDE2ACCF05B00E5250C /* Products */ = {
			isa = PBXGroup;
			children = (
				8B43CDDD2ACCF05B00E5250C /* SeSACFirebase.app */,
			);
			name = Products;
			sourceTree = "<group>";
		};
		8B43CDDF2ACCF05B00E5250C /* SeSACFirebase */ = {
			isa = PBXGroup;
			children = (
				8B51FF6F2AFDC909009F1E50 /* SeSACFirebase.entitlements */,
				8B43CDE02ACCF05B00E5250C /* AppDelegate.swift */,
				8B43CDE22ACCF05B00E5250C /* SceneDelegate.swift */,
				8B43CDE42ACCF05B00E5250C /* ViewController.swift */,
				8B43CDE62ACCF05B00E5250C /* Main.storyboard */,
				8B43CDE92ACCF05C00E5250C /* Assets.xcassets */,
				8B43CDEB2ACCF05C00E5250C /* LaunchScreen.storyboard */,
				8B43CDEE2ACCF05C00E5250C /* Info.plist */,
				8B43CDFE2ACE3C0E00E5250C /* GoogleService-Info.plist */,
				8B43CDFC2ACE3BD200E5250C /* .gitignore */,
			);
			path = SeSACFirebase;
			sourceTree = "<group>";
		};
/* End PBXGroup section */

/* Begin PBXNativeTarget section */
		8B43CDDC2ACCF05B00E5250C /* SeSACFirebase */ = {
			isa = PBXNativeTarget;
			buildConfigurationList = 8B43CDF12ACCF05C00E5250C /* Build configuration list for PBXNativeTarget "SeSACFirebase" */;
			buildPhases = (
				8B43CDD92ACCF05B00E5250C /* Sources */,
				8B43CDDA2ACCF05B00E5250C /* Frameworks */,
				8B43CDDB2ACCF05B00E5250C /* Resources */,
				8B43CDFB2ACD001500E5250C /* ShellScript */,
			);
			buildRules = (
			);
			dependencies = (
			);
			name = SeSACFirebase;
			packageProductDependencies = (
				8B51FF782AFDCE9A009F1E50 /* FirebaseAnalyticsWithoutAdIdSupport */,
				8B51FF7A2AFDCE9A009F1E50 /* FirebaseCrashlytics */,
				8B51FF7C2AFDCE9A009F1E50 /* FirebaseMessaging */,
			);
			productName = SeSACFirebase;
			productReference = 8B43CDDD2ACCF05B00E5250C /* SeSACFirebase.app */;
			productType = "com.apple.product-type.application";
		};
/* End PBXNativeTarget section */

/* Begin PBXProject section */
		8B43CDD52ACCF05B00E5250C /* Project object */ = {
			isa = PBXProject;
			attributes = {
				BuildIndependentTargetsInParallel = 1;
				LastSwiftUpdateCheck = 1430;
				LastUpgradeCheck = 1430;
				TargetAttributes = {
					8B43CDDC2ACCF05B00E5250C = {
						CreatedOnToolsVersion = 14.3.1;
					};
				};
			};
			buildConfigurationList = 8B43CDD82ACCF05B00E5250C /* Build configuration list for PBXProject "SeSACFirebase" */;
			compatibilityVersion = "Xcode 14.0";
			developmentRegion = en;
			hasScannedForEncodings = 0;
			knownRegions = (
				en,
				Base,
			);
			mainGroup = 8B43CDD42ACCF05B00E5250C;
			packageReferences = (
				8B51FF772AFDCE9A009F1E50 /* XCRemoteSwiftPackageReference "firebase-ios-sdk" */,
			);
			productRefGroup = 8B43CDDE2ACCF05B00E5250C /* Products */;
			projectDirPath = "";
			projectRoot = "";
			targets = (
				8B43CDDC2ACCF05B00E5250C /* SeSACFirebase */,
			);
		};
/* End PBXProject section */

/* Begin PBXResourcesBuildPhase section */
		8B43CDDB2ACCF05B00E5250C /* Resources */ = {
			isa = PBXResourcesBuildPhase;
			buildActionMask = 2147483647;
			files = (
				8B43CDFD2ACE3BD200E5250C /* .gitignore in Resources */,
				8B43CDED2ACCF05C00E5250C /* LaunchScreen.storyboard in Resources */,
				8B43CDFF2ACE3C0E00E5250C /* GoogleService-Info.plist in Resources */,
				8B43CDEA2ACCF05C00E5250C /* Assets.xcassets in Resources */,
				8B43CDE82ACCF05B00E5250C /* Main.storyboard in Resources */,
			);
			runOnlyForDeploymentPostprocessing = 0;
		};
/* End PBXResourcesBuildPhase section */

/* Begin PBXShellScriptBuildPhase section */
		8B43CDFB2ACD001500E5250C /* ShellScript */ = {
			isa = PBXShellScriptBuildPhase;
			buildActionMask = 2147483647;
			files = (
			);
			inputFileListPaths = (
			);
			inputPaths = (
				"${DWARF_DSYM_FOLDER_PATH}/${DWARF_DSYM_FILE_NAME}",
				"${DWARF_DSYM_FOLDER_PATH}/${DWARF_DSYM_FILE_NAME}/Contents/Resources/DWARF/${PRODUCT_NAME}",
				"${DWARF_DSYM_FOLDER_PATH}/${DWARF_DSYM_FILE_NAME}/Contents/Info.plist",
				"$(BUILT_PRODUCTS_DIR)/$(UNLOCALIZED_RESOURCES_FOLDER_PATH)/GoogleService-Info.plist",
				"$(BUILT_PRODUCTS_DIR)/$(EXECUTABLE_PATH)",
			);
			outputFileListPaths = (
			);
			outputPaths = (
			);
			runOnlyForDeploymentPostprocessing = 0;
			shellPath = /bin/sh;
			shellScript = "# Type a script or drag a script file from your workspace to insert its path.\n\"${BUILD_DIR%/Build/*}/SourcePackages/checkouts/firebase-ios-sdk/Crashlytics/run\"\n";
		};
/* End PBXShellScriptBuildPhase section */

/* Begin PBXSourcesBuildPhase section */
		8B43CDD92ACCF05B00E5250C /* Sources */ = {
			isa = PBXSourcesBuildPhase;
			buildActionMask = 2147483647;
			files = (
				8B43CDE52ACCF05B00E5250C /* ViewController.swift in Sources */,
				8B43CDE12ACCF05B00E5250C /* AppDelegate.swift in Sources */,
				8B43CDE32ACCF05B00E5250C /* SceneDelegate.swift in Sources */,
			);
			runOnlyForDeploymentPostprocessing = 0;
		};
/* End PBXSourcesBuildPhase section */

/* Begin PBXVariantGroup section */
		8B43CDE62ACCF05B00E5250C /* Main.storyboard */ = {
			isa = PBXVariantGroup;
			children = (
				8B43CDE72ACCF05B00E5250C /* Base */,
			);
			name = Main.storyboard;
			sourceTree = "<group>";
		};
		8B43CDEB2ACCF05C00E5250C /* LaunchScreen.storyboard */ = {
			isa = PBXVariantGroup;
			children = (
				8B43CDEC2ACCF05C00E5250C /* Base */,
			);
			name = LaunchScreen.storyboard;
			sourceTree = "<group>";
		};
/* End PBXVariantGroup section */

/* Begin XCBuildConfiguration section */
		8B43CDEF2ACCF05C00E5250C /* Debug */ = {
			isa = XCBuildConfiguration;
			buildSettings = {
				ALWAYS_SEARCH_USER_PATHS = NO;
				CLANG_ANALYZER_NONNULL = YES;
				CLANG_ANALYZER_NUMBER_OBJECT_CONVERSION = YES_AGGRESSIVE;
				CLANG_CXX_LANGUAGE_STANDARD = "gnu++20";
				CLANG_ENABLE_MODULES = YES;
				CLANG_ENABLE_OBJC_ARC = YES;
				CLANG_ENABLE_OBJC_WEAK = YES;
				CLANG_WARN_BLOCK_CAPTURE_AUTORELEASING = YES;
				CLANG_WARN_BOOL_CONVERSION = YES;
				CLANG_WARN_COMMA = YES;
				CLANG_WARN_CONSTANT_CONVERSION = YES;
				CLANG_WARN_DEPRECATED_OBJC_IMPLEMENTATIONS = YES;
				CLANG_WARN_DIRECT_OBJC_ISA_USAGE = YES_ERROR;
				CLANG_WARN_DOCUMENTATION_COMMENTS = YES;
				CLANG_WARN_EMPTY_BODY = YES;
				CLANG_WARN_ENUM_CONVERSION = YES;
				CLANG_WARN_INFINITE_RECURSION = YES;
				CLANG_WARN_INT_CONVERSION = YES;
				CLANG_WARN_NON_LITERAL_NULL_CONVERSION = YES;
				CLANG_WARN_OBJC_IMPLICIT_RETAIN_SELF = YES;
				CLANG_WARN_OBJC_LITERAL_CONVERSION = YES;
				CLANG_WARN_OBJC_ROOT_CLASS = YES_ERROR;
				CLANG_WARN_QUOTED_INCLUDE_IN_FRAMEWORK_HEADER = YES;
				CLANG_WARN_RANGE_LOOP_ANALYSIS = YES;
				CLANG_WARN_STRICT_PROTOTYPES = YES;
				CLANG_WARN_SUSPICIOUS_MOVE = YES;
				CLANG_WARN_UNGUARDED_AVAILABILITY = YES_AGGRESSIVE;
				CLANG_WARN_UNREACHABLE_CODE = YES;
				CLANG_WARN__DUPLICATE_METHOD_MATCH = YES;
				COPY_PHASE_STRIP = NO;
				DEBUG_INFORMATION_FORMAT = dwarf;
				ENABLE_STRICT_OBJC_MSGSEND = YES;
				ENABLE_TESTABILITY = YES;
				GCC_C_LANGUAGE_STANDARD = gnu11;
				GCC_DYNAMIC_NO_PIC = NO;
				GCC_NO_COMMON_BLOCKS = YES;
				GCC_OPTIMIZATION_LEVEL = 0;
				GCC_PREPROCESSOR_DEFINITIONS = (
					"DEBUG=1",
					"$(inherited)",
				);
				GCC_WARN_64_TO_32_BIT_CONVERSION = YES;
				GCC_WARN_ABOUT_RETURN_TYPE = YES_ERROR;
				GCC_WARN_UNDECLARED_SELECTOR = YES;
				GCC_WARN_UNINITIALIZED_AUTOS = YES_AGGRESSIVE;
				GCC_WARN_UNUSED_FUNCTION = YES;
				GCC_WARN_UNUSED_VARIABLE = YES;
				IPHONEOS_DEPLOYMENT_TARGET = 16.4;
				MTL_ENABLE_DEBUG_INFO = INCLUDE_SOURCE;
				MTL_FAST_MATH = YES;
				ONLY_ACTIVE_ARCH = YES;
				SDKROOT = iphoneos;
				SWIFT_ACTIVE_COMPILATION_CONDITIONS = DEBUG;
				SWIFT_OPTIMIZATION_LEVEL = "-Onone";
			};
			name = Debug;
		};
		8B43CDF02ACCF05C00E5250C /* Release */ = {
			isa = XCBuildConfiguration;
			buildSettings = {
				ALWAYS_SEARCH_USER_PATHS = NO;
				CLANG_ANALYZER_NONNULL = YES;
				CLANG_ANALYZER_NUMBER_OBJECT_CONVERSION = YES_AGGRESSIVE;
				CLANG_CXX_LANGUAGE_STANDARD = "gnu++20";
				CLANG_ENABLE_MODULES = YES;
				CLANG_ENABLE_OBJC_ARC = YES;
				CLANG_ENABLE_OBJC_WEAK = YES;
				CLANG_WARN_BLOCK_CAPTURE_AUTORELEASING = YES;
				CLANG_WARN_BOOL_CONVERSION = YES;
				CLANG_WARN_COMMA = YES;
				CLANG_WARN_CONSTANT_CONVERSION = YES;
				CLANG_WARN_DEPRECATED_OBJC_IMPLEMENTATIONS = YES;
				CLANG_WARN_DIRECT_OBJC_ISA_USAGE = YES_ERROR;
				CLANG_WARN_DOCUMENTATION_COMMENTS = YES;
				CLANG_WARN_EMPTY_BODY = YES;
				CLANG_WARN_ENUM_CONVERSION = YES;
				CLANG_WARN_INFINITE_RECURSION = YES;
				CLANG_WARN_INT_CONVERSION = YES;
				CLANG_WARN_NON_LITERAL_NULL_CONVERSION = YES;
				CLANG_WARN_OBJC_IMPLICIT_RETAIN_SELF = YES;
				CLANG_WARN_OBJC_LITERAL_CONVERSION = YES;
				CLANG_WARN_OBJC_ROOT_CLASS = YES_ERROR;
				CLANG_WARN_QUOTED_INCLUDE_IN_FRAMEWORK_HEADER = YES;
				CLANG_WARN_RANGE_LOOP_ANALYSIS = YES;
				CLANG_WARN_STRICT_PROTOTYPES = YES;
				CLANG_WARN_SUSPICIOUS_MOVE = YES;
				CLANG_WARN_UNGUARDED_AVAILABILITY = YES_AGGRESSIVE;
				CLANG_WARN_UNREACHABLE_CODE = YES;
				CLANG_WARN__DUPLICATE_METHOD_MATCH = YES;
				COPY_PHASE_STRIP = NO;
				DEBUG_INFORMATION_FORMAT = "dwarf-with-dsym";
				ENABLE_NS_ASSERTIONS = NO;
				ENABLE_STRICT_OBJC_MSGSEND = YES;
				GCC_C_LANGUAGE_STANDARD = gnu11;
				GCC_NO_COMMON_BLOCKS = YES;
				GCC_WARN_64_TO_32_BIT_CONVERSION = YES;
				GCC_WARN_ABOUT_RETURN_TYPE = YES_ERROR;
				GCC_WARN_UNDECLARED_SELECTOR = YES;
				GCC_WARN_UNINITIALIZED_AUTOS = YES_AGGRESSIVE;
				GCC_WARN_UNUSED_FUNCTION = YES;
				GCC_WARN_UNUSED_VARIABLE = YES;
				IPHONEOS_DEPLOYMENT_TARGET = 16.4;
				MTL_ENABLE_DEBUG_INFO = NO;
				MTL_FAST_MATH = YES;
				SDKROOT = iphoneos;
				SWIFT_COMPILATION_MODE = wholemodule;
				SWIFT_OPTIMIZATION_LEVEL = "-O";
				VALIDATE_PRODUCT = YES;
			};
			name = Release;
		};
		8B43CDF22ACCF05C00E5250C /* Debug */ = {
			isa = XCBuildConfiguration;
			buildSettings = {
				ASSETCATALOG_COMPILER_APPICON_NAME = AppIcon;
				ASSETCATALOG_COMPILER_GLOBAL_ACCENT_COLOR_NAME = AccentColor;
				CODE_SIGN_ENTITLEMENTS = SeSACFirebase/SeSACFirebase.entitlements;
				CODE_SIGN_STYLE = Automatic;
				CURRENT_PROJECT_VERSION = 1;
				DEBUG_INFORMATION_FORMAT = "dwarf-with-dsym";
				DEVELOPMENT_TEAM = ZB66AY8DJC;
				GENERATE_INFOPLIST_FILE = YES;
				INFOPLIST_FILE = SeSACFirebase/Info.plist;
				INFOPLIST_KEY_UIApplicationSupportsIndirectInputEvents = YES;
				INFOPLIST_KEY_UILaunchStoryboardName = LaunchScreen;
				INFOPLIST_KEY_UIMainStoryboardFile = Main;
				INFOPLIST_KEY_UISupportedInterfaceOrientations_iPad = "UIInterfaceOrientationPortrait UIInterfaceOrientationPortraitUpsideDown UIInterfaceOrientationLandscapeLeft UIInterfaceOrientationLandscapeRight";
				INFOPLIST_KEY_UISupportedInterfaceOrientations_iPhone = "UIInterfaceOrientationPortrait UIInterfaceOrientationLandscapeLeft UIInterfaceOrientationLandscapeRight";
				LD_RUNPATH_SEARCH_PATHS = (
					"$(inherited)",
					"@executable_path/Frameworks",
				);
				MARKETING_VERSION = 1.0;
				PRODUCT_BUNDLE_IDENTIFIER = com.SoomanHong.SeSACFirebase;
				PRODUCT_NAME = "$(TARGET_NAME)";
				SWIFT_EMIT_LOC_STRINGS = YES;
				SWIFT_VERSION = 5.0;
				TARGETED_DEVICE_FAMILY = "1,2";
			};
			name = Debug;
		};
		8B43CDF32ACCF05C00E5250C /* Release */ = {
			isa = XCBuildConfiguration;
			buildSettings = {
				ASSETCATALOG_COMPILER_APPICON_NAME = AppIcon;
				ASSETCATALOG_COMPILER_GLOBAL_ACCENT_COLOR_NAME = AccentColor;
				CODE_SIGN_ENTITLEMENTS = SeSACFirebase/SeSACFirebase.entitlements;
				CODE_SIGN_STYLE = Automatic;
				CURRENT_PROJECT_VERSION = 1;
				DEVELOPMENT_TEAM = ZB66AY8DJC;
				GENERATE_INFOPLIST_FILE = YES;
				INFOPLIST_FILE = SeSACFirebase/Info.plist;
				INFOPLIST_KEY_UIApplicationSupportsIndirectInputEvents = YES;
				INFOPLIST_KEY_UILaunchStoryboardName = LaunchScreen;
				INFOPLIST_KEY_UIMainStoryboardFile = Main;
				INFOPLIST_KEY_UISupportedInterfaceOrientations_iPad = "UIInterfaceOrientationPortrait UIInterfaceOrientationPortraitUpsideDown UIInterfaceOrientationLandscapeLeft UIInterfaceOrientationLandscapeRight";
				INFOPLIST_KEY_UISupportedInterfaceOrientations_iPhone = "UIInterfaceOrientationPortrait UIInterfaceOrientationLandscapeLeft UIInterfaceOrientationLandscapeRight";
				LD_RUNPATH_SEARCH_PATHS = (
					"$(inherited)",
					"@executable_path/Frameworks",
				);
				MARKETING_VERSION = 1.0;
				PRODUCT_BUNDLE_IDENTIFIER = com.SoomanHong.SeSACFirebase;
				PRODUCT_NAME = "$(TARGET_NAME)";
				SWIFT_EMIT_LOC_STRINGS = YES;
				SWIFT_VERSION = 5.0;
				TARGETED_DEVICE_FAMILY = "1,2";
			};
			name = Release;
		};
/* End XCBuildConfiguration section */

/* Begin XCConfigurationList section */
		8B43CDD82ACCF05B00E5250C /* Build configuration list for PBXProject "SeSACFirebase" */ = {
			isa = XCConfigurationList;
			buildConfigurations = (
				8B43CDEF2ACCF05C00E5250C /* Debug */,
				8B43CDF02ACCF05C00E5250C /* Release */,
			);
			defaultConfigurationIsVisible = 0;
			defaultConfigurationName = Release;
		};
		8B43CDF12ACCF05C00E5250C /* Build configuration list for PBXNativeTarget "SeSACFirebase" */ = {
			isa = XCConfigurationList;
			buildConfigurations = (
				8B43CDF22ACCF05C00E5250C /* Debug */,
				8B43CDF32ACCF05C00E5250C /* Release */,
			);
			defaultConfigurationIsVisible = 0;
			defaultConfigurationName = Release;
		};
/* End XCConfigurationList section */

/* Begin XCRemoteSwiftPackageReference section */
		8B51FF772AFDCE9A009F1E50 /* XCRemoteSwiftPackageReference "firebase-ios-sdk" */ = {
			isa = XCRemoteSwiftPackageReference;
			repositoryURL = "https://github.com/firebase/firebase-ios-sdk";
			requirement = {
				kind = upToNextMajorVersion;
				minimumVersion = 10.17.0;
			};
		};
/* End XCRemoteSwiftPackageReference section */

/* Begin XCSwiftPackageProductDependency section */
		8B51FF782AFDCE9A009F1E50 /* FirebaseAnalyticsWithoutAdIdSupport */ = {
			isa = XCSwiftPackageProductDependency;
			package = 8B51FF772AFDCE9A009F1E50 /* XCRemoteSwiftPackageReference "firebase-ios-sdk" */;
			productName = FirebaseAnalyticsWithoutAdIdSupport;
		};
		8B51FF7A2AFDCE9A009F1E50 /* FirebaseCrashlytics */ = {
			isa = XCSwiftPackageProductDependency;
			package = 8B51FF772AFDCE9A009F1E50 /* XCRemoteSwiftPackageReference "firebase-ios-sdk" */;
			productName = FirebaseCrashlytics;
		};
		8B51FF7C2AFDCE9A009F1E50 /* FirebaseMessaging */ = {
			isa = XCSwiftPackageProductDependency;
			package = 8B51FF772AFDCE9A009F1E50 /* XCRemoteSwiftPackageReference "firebase-ios-sdk" */;
			productName = FirebaseMessaging;
		};
/* End XCSwiftPackageProductDependency section */
	};
	rootObject = 8B43CDD52ACCF05B00E5250C /* Project object */;
}
